
Microsoft Visual Studio Solution File, Format Version 12.00
# Visual Studio Version 17
VisualStudioVersion = 17.0.31611.283
MinimumVisualStudioVersion = 10.0.40219.1
Project("{9A19103F-16F7-4668-BE54-9A1E7A4F7556}") = "GravyVrc.Summoner.UI", "src\GravyVrc.Summoner\GravyVrc.Summoner.UI.csproj", "{3A0264D8-1D74-499C-9595-16A20348613F}"
EndProject
Project("{2150E333-8FDC-42A3-9474-1A3956D46DE8}") = "src", "src", "{C180AD9A-6093-48D0-BCCD-256C74322B1C}"
EndProject
Project("{FAE04EC0-301F-11D3-BF4B-00C04F79EFBC}") = "GravyVrc.Summoner.Nfc", "src\GravyVrc.Summoner.Nfc\GravyVrc.Summoner.Nfc.csproj", "{F627EC9B-3B68-4E5D-9FF5-52E4B1930D8F}"
EndProject
Project("{FAE04EC0-301F-11D3-BF4B-00C04F79EFBC}") = "GravyLink.Summoner.Core", "src\GravyLink.Summoner.Core\GravyLink.Summoner.Core.csproj", "{CC7BB7B3-8702-4447-9A68-229DD5B24443}"
EndProject
Global
	GlobalSection(SolutionConfigurationPlatforms) = preSolution
		Debug|Any CPU = Debug|Any CPU
		Release|Any CPU = Release|Any CPU
	EndGlobalSection
	GlobalSection(ProjectConfigurationPlatforms) = postSolution
		{3A0264D8-1D74-499C-9595-16A20348613F}.Debug|Any CPU.ActiveCfg = Debug|Any CPU
		{3A0264D8-1D74-499C-9595-16A20348613F}.Debug|Any CPU.Build.0 = Debug|Any CPU
		{3A0264D8-1D74-499C-9595-16A20348613F}.Debug|Any CPU.Deploy.0 = Debug|Any CPU
		{3A0264D8-1D74-499C-9595-16A20348613F}.Release|Any CPU.ActiveCfg = Release|Any CPU
		{3A0264D8-1D74-499C-9595-16A20348613F}.Release|Any CPU.Build.0 = Release|Any CPU
		{3A0264D8-1D74-499C-9595-16A20348613F}.Release|Any CPU.Deploy.0 = Release|Any CPU
		{F627EC9B-3B68-4E5D-9FF5-52E4B1930D8F}.Debug|Any CPU.ActiveCfg = Debug|Any CPU
		{F627EC9B-3B68-4E5D-9FF5-52E4B1930D8F}.Debug|Any CPU.Build.0 = Debug|Any CPU
		{F627EC9B-3B68-4E5D-9FF5-52E4B1930D8F}.Release|Any CPU.ActiveCfg = Release|Any CPU
		{F627EC9B-3B68-4E5D-9FF5-52E4B1930D8F}.Release|Any CPU.Build.0 = Release|Any CPU
		{CC7BB7B3-8702-4447-9A68-229DD5B24443}.Debug|Any CPU.ActiveCfg = Debug|Any CPU
		{CC7BB7B3-8702-4447-9A68-229DD5B24443}.Debug|Any CPU.Build.0 = Debug|Any CPU
		{CC7BB7B3-8702-4447-9A68-229DD5B24443}.Release|Any CPU.ActiveCfg = Release|Any CPU
		{CC7BB7B3-8702-4447-9A68-229DD5B24443}.Release|Any CPU.Build.0 = Release|Any CPU
	EndGlobalSection
	GlobalSection(SolutionProperties) = preSolution
		HideSolutionNode = FALSE
	EndGlobalSection
	GlobalSection(NestedProjects) = preSolution
		{3A0264D8-1D74-499C-9595-16A20348613F} = {C180AD9A-6093-48D0-BCCD-256C74322B1C}
		{F627EC9B-3B68-4E5D-9FF5-52E4B1930D8F} = {C180AD9A-6093-48D0-BCCD-256C74322B1C}
		{CC7BB7B3-8702-4447-9A68-229DD5B24443} = {C180AD9A-6093-48D0-BCCD-256C74322B1C}
	EndGlobalSection
	GlobalSection(ExtensibilityGlobals) = postSolution
		SolutionGuid = {61F7FB11-1E47-470C-91E2-47F8143E1572}
	EndGlobalSection
EndGlobal
